Microsoft Visual Studio Solution File, Format Version 12.00
# Visual Studio Version 17
VisualStudioVersion = 17.5.2.0
MinimumVisualStudioVersion = 10.0.40219.1
Project("{2150E333-8FDC-42A3-9474-1A3956D46DE8}") = "desenvolvimento", "desenvolvimento", "{B84F56C8-D8E1-C9A6-8FAB-493E64E52BB6}"
EndProject
Project("{FAE04EC0-301F-11D3-BF4B-00C04F79EFBC}") = "CadastroEvento", "desenvolvimento\CadastroEvento\CadastroEvento.csproj", "{9AADDC74-DDDA-FF1F-6D96-9375BD51A2CB}"
EndProject
Global
	GlobalSection(SolutionConfigurationPlatforms) = preSolution
		Debug|Any CPU = Debug|Any CPU
		Release|Any CPU = Release|Any CPU
	EndGlobalSection
	GlobalSection(ProjectConfigurationPlatforms) = postSolution
		{9AADDC74-DDDA-FF1F-6D96-9375BD51A2CB}.Debug|Any CPU.ActiveCfg = Debug|Any CPU
		{9AADDC74-DDDA-FF1F-6D96-9375BD51A2CB}.Debug|Any CPU.Build.0 = Debug|Any CPU
		{9AADDC74-DDDA-FF1F-6D96-9375BD51A2CB}.Release|Any CPU.ActiveCfg = Release|Any CPU
		{9AADDC74-DDDA-FF1F-6D96-9375BD51A2CB}.Release|Any CPU.Build.0 = Release|Any CPU
	EndGlobalSection
	GlobalSection(SolutionProperties) = preSolution
		HideSolutionNode = FALSE
	EndGlobalSection
	GlobalSection(NestedProjects) = preSolution
		{9AADDC74-DDDA-FF1F-6D96-9375BD51A2CB} = {B84F56C8-D8E1-C9A6-8FAB-493E64E52BB6}
	EndGlobalSection
	GlobalSection(ExtensibilityGlobals) = postSolution
		SolutionGuid = {C063FD71-D30A-408F-A1C9-BB85B7C26A2C}
	EndGlobalSection
EndGlobal
